
Microsoft Visual Studio Solution File, Format Version 12.00
# Visual Studio 14
VisualStudioVersion = 14.0.23107.0
MinimumVisualStudioVersion = 10.0.40219.1
Project("{FAE04EC0-301F-11D3-BF4B-00C04F79EFBC}") = "Debugging", "Debugging\Debugging.csproj", "{47918B57-E83D-4D8B-9928-93A0F869F7F8}"
EndProject
Project("{2150E333-8FDC-42A3-9474-1A3956D46DE8}") = "UnitTesting", "UnitTesting", "{EB4844B3-D792-42E8-B2A0-A6E939E46BB3}"
EndProject
Project("{FAE04EC0-301F-11D3-BF4B-00C04F79EFBC}") = "ExposeInternals", "UnitTesting\ExposeInternals\ExposeInternals.csproj", "{DDCC3607-4265-40CA-9012-E73B7A263E24}"
EndProject
Project("{FAE04EC0-301F-11D3-BF4B-00C04F79EFBC}") = "ExposeInternals.Tests", "UnitTesting\ExposeInternals.Tests\ExposeInternals.Tests.csproj", "{B07972E9-3665-4F0D-8C2D-93D364013F1A}"
EndProject
Project("{2150E333-8FDC-42A3-9474-1A3956D46DE8}") = "OptionalParameters", "OptionalParameters", "{84F15C02-FDEA-4824-BDFC-571AEE9C3143}"
EndProject
Project("{FAE04EC0-301F-11D3-BF4B-00C04F79EFBC}") = "OptionalParameters.Library", "OptionalParameters\OptionalParameters.Library\OptionalParameters.Library.csproj", "{15E3CEE7-8B17-4E5E-BAE0-717B5BBAA5E6}"
EndProject
Project("{FAE04EC0-301F-11D3-BF4B-00C04F79EFBC}") = "OptionalParameters.Client", "OptionalParameters\OptionalParameters.Client\OptionalParameters.Client.csproj", "{F490AC57-8ED5-4718-B7CB-44432CFC0CF7}"
EndProject
Project("{2150E333-8FDC-42A3-9474-1A3956D46DE8}") = "Traps", "Traps", "{7D818FE2-FCD7-441A-B5DE-746B49FB0506}"
EndProject
Project("{FAE04EC0-301F-11D3-BF4B-00C04F79EFBC}") = "References", "Traps\References\References.csproj", "{31A3468B-BE0C-4D62-BA54-F3A3D3DF1565}"
EndProject
Project("{FAE04EC0-301F-11D3-BF4B-00C04F79EFBC}") = "RandomNumbers", "Traps\RandomNumbers\RandomNumbers.csproj", "{FAAF0E14-95B3-4C67-A9D0-8B596B477C55}"
EndProject
Project("{FAE04EC0-301F-11D3-BF4B-00C04F79EFBC}") = "LinqMultipleEnumeration", "Traps\LinqMultipleEnumeration\LinqMultipleEnumeration.csproj", "{433C0D5E-63D0-4F6D-93C7-1FD229B68D69}"
EndProject
Project("{FAE04EC0-301F-11D3-BF4B-00C04F79EFBC}") = "PreservingStacktraceWhenRethrowingExceptions", "Traps\PreservingStacktraceWhenRethrowingExceptions\PreservingStacktraceWhenRethrowingExceptions.csproj", "{C11389D1-42C4-49DA-B6AE-8E9DFA6D55A3}"
EndProject
Project("{FAE04EC0-301F-11D3-BF4B-00C04F79EFBC}") = "ExceptionsInStaticConstructors", "Traps\ExceptionsInStaticConstructors\ExceptionsInStaticConstructors.csproj", "{C0761EF5-2C43-49CC-9A62-BE659966561B}"
EndProject
Project("{2150E333-8FDC-42A3-9474-1A3956D46DE8}") = "UsefulClassesAndMethods", "UsefulClassesAndMethods", "{E34C4E83-5094-43A7-81B9-8A3B50B46D8F}"
EndProject
Project("{FAE04EC0-301F-11D3-BF4B-00C04F79EFBC}") = "Tuples", "UsefulClassesAndMethods\Tuples\Tuples.csproj", "{0306D24D-A515-446E-897F-2F6C5FB2B66D}"
EndProject
Project("{FAE04EC0-301F-11D3-BF4B-00C04F79EFBC}") = "MethodDeprecation", "UsefulClassesAndMethods\MethodDeprecation\MethodDeprecation.csproj", "{8D981E2B-AA29-48DE-AAAC-AE2D6BCA1CD3}"
EndProject
Project("{FAE04EC0-301F-11D3-BF4B-00C04F79EFBC}") = "FileSystemWatcherClass", "UsefulClassesAndMethods\FileSystemWatcherClass\FileSystemWatcherClass.csproj", "{33BE0320-E1BB-407C-A836-0BF21060E2AF}"
EndProject
Project("{2150E333-8FDC-42A3-9474-1A3956D46DE8}") = "SyntacticSugar", "SyntacticSugar", "{8BA3665B-33BE-4D0F-8736-CCD666159F60}"
EndProject
Project("{FAE04EC0-301F-11D3-BF4B-00C04F79EFBC}") = "CombinableEnumValues", "SyntacticSugar\CombinableEnumValues\CombinableEnumValues.csproj", "{2363CC6D-ECAD-483B-B781-DC0A684EECC5}"
EndProject
Project("{FAE04EC0-301F-11D3-BF4B-00C04F79EFBC}") = "CastingVsAsOperator", "SyntacticSugar\CastingVsAsOperator\CastingVsAsOperator.csproj", "{1D860AE7-EB2B-44FD-B145-A873DE097E8A}"
EndProject
Project("{FAE04EC0-301F-11D3-BF4B-00C04F79EFBC}") = "Yield", "SyntacticSugar\Yield\Yield.csproj", "{D2B19EA1-F533-4695-90B0-53B613F877B2}"
EndProject
Project("{FAE04EC0-301F-11D3-BF4B-00C04F79EFBC}") = "ConstrainingGenerics", "SyntacticSugar\ConstrainingGenerics\ConstrainingGenerics.csproj", "{BD63B8BD-47E0-4B58-8F73-52070670FCEC}"
EndProject
Project("{2150E333-8FDC-42A3-9474-1A3956D46DE8}") = "Performance", "Performance", "{86B6365A-2BF7-4206-82A0-C1E04BE4964D}"
EndProject
Project("{FAE04EC0-301F-11D3-BF4B-00C04F79EFBC}") = "CompareStructs", "Performance\CompareStructs\CompareStructs.csproj", "{0D172E0C-8A2B-4F0E-A2A0-146C1D454241}"
EndProject
Project("{2150E333-8FDC-42A3-9474-1A3956D46DE8}") = "CSharpSix", "CSharpSix", "{17B41EAC-5ED7-42B7-98EB-B5AA42897282}"
EndProject
Project("{FAE04EC0-301F-11D3-BF4B-00C04F79EFBC}") = "AutoPropertyEnhancements", "CSharpSix\AutoPropertyEnhancements\AutoPropertyEnhancements.csproj", "{92808E57-693D-48DE-BF3D-D465FF46DA8A}"
EndProject
Project("{FAE04EC0-301F-11D3-BF4B-00C04F79EFBC}") = "ExpressionBodiedFunctionMembers", "CSharpSix\ExpressionBodiedFunctionMembers\ExpressionBodiedFunctionMembers.csproj", "{59185F53-732A-4B99-BD51-2F66CFD5D1C5}"
EndProject
Project("{FAE04EC0-301F-11D3-BF4B-00C04F79EFBC}") = "NameofExpressions", "CSharpSix\NameofExpressions\NameofExpressions.csproj", "{AE40A224-AEA3-4B8F-9514-F66A099CA9B3}"
EndProject
Project("{FAE04EC0-301F-11D3-BF4B-00C04F79EFBC}") = "StringInterpolation", "CSharpSix\StringInterpolation\StringInterpolation.csproj", "{C1DC18BF-5757-4488-B3E1-EDF30CFC17A3}"
EndProject
Project("{FAE04EC0-301F-11D3-BF4B-00C04F79EFBC}") = "NullConditionalOperator", "CSharpSix\NullConditionalOperator\NullConditionalOperator.csproj", "{00E96EF3-9BF5-46F4-A3CF-114BD5B7B256}"
EndProject
Project("{2150E333-8FDC-42A3-9474-1A3956D46DE8}") = "AdvancedCSharpConcepts", "AdvancedCSharpConcepts", "{1133A732-B5BF-471F-BE14-45A7F393E228}"
EndProject
Project("{FAE04EC0-301F-11D3-BF4B-00C04F79EFBC}") = "CovarianceAndContravariance", "AdvancedCSharpConcepts\CovarianceAndContravariance\CovarianceAndContravariance.csproj", "{46930B4B-F4FD-4741-9A0D-671B11784CAD}"
EndProject
Global
	GlobalSection(SolutionConfigurationPlatforms) = preSolution
		CIBuild|Any CPU = CIBuild|Any CPU
		Debug|Any CPU = Debug|Any CPU
		Release|Any CPU = Release|Any CPU
	EndGlobalSection
	GlobalSection(ProjectConfigurationPlatforms) = postSolution
		{47918B57-E83D-4D8B-9928-93A0F869F7F8}.CIBuild|Any CPU.ActiveCfg = CIBuild|Any CPU
		{47918B57-E83D-4D8B-9928-93A0F869F7F8}.CIBuild|Any CPU.Build.0 = CIBuild|Any CPU
		{47918B57-E83D-4D8B-9928-93A0F869F7F8}.Debug|Any CPU.ActiveCfg = Debug|Any CPU
		{47918B57-E83D-4D8B-9928-93A0F869F7F8}.Debug|Any CPU.Build.0 = Debug|Any CPU
		{47918B57-E83D-4D8B-9928-93A0F869F7F8}.Release|Any CPU.ActiveCfg = Release|Any CPU
		{47918B57-E83D-4D8B-9928-93A0F869F7F8}.Release|Any CPU.Build.0 = Release|Any CPU
		{DDCC3607-4265-40CA-9012-E73B7A263E24}.CIBuild|Any CPU.ActiveCfg = CIBuild|Any CPU
		{DDCC3607-4265-40CA-9012-E73B7A263E24}.CIBuild|Any CPU.Build.0 = CIBuild|Any CPU
		{DDCC3607-4265-40CA-9012-E73B7A263E24}.Debug|Any CPU.ActiveCfg = Debug|Any CPU
		{DDCC3607-4265-40CA-9012-E73B7A263E24}.Debug|Any CPU.Build.0 = Debug|Any CPU
		{DDCC3607-4265-40CA-9012-E73B7A263E24}.Release|Any CPU.ActiveCfg = Release|Any CPU
		{DDCC3607-4265-40CA-9012-E73B7A263E24}.Release|Any CPU.Build.0 = Release|Any CPU
		{B07972E9-3665-4F0D-8C2D-93D364013F1A}.CIBuild|Any CPU.ActiveCfg = CIBuild|Any CPU
		{B07972E9-3665-4F0D-8C2D-93D364013F1A}.CIBuild|Any CPU.Build.0 = CIBuild|Any CPU
		{B07972E9-3665-4F0D-8C2D-93D364013F1A}.Debug|Any CPU.ActiveCfg = Debug|Any CPU
		{B07972E9-3665-4F0D-8C2D-93D364013F1A}.Debug|Any CPU.Build.0 = Debug|Any CPU
		{B07972E9-3665-4F0D-8C2D-93D364013F1A}.Release|Any CPU.ActiveCfg = Release|Any CPU
		{B07972E9-3665-4F0D-8C2D-93D364013F1A}.Release|Any CPU.Build.0 = Release|Any CPU
		{15E3CEE7-8B17-4E5E-BAE0-717B5BBAA5E6}.CIBuild|Any CPU.ActiveCfg = Release|Any CPU
		{15E3CEE7-8B17-4E5E-BAE0-717B5BBAA5E6}.CIBuild|Any CPU.Build.0 = Release|Any CPU
		{15E3CEE7-8B17-4E5E-BAE0-717B5BBAA5E6}.Debug|Any CPU.ActiveCfg = Debug|Any CPU
		{15E3CEE7-8B17-4E5E-BAE0-717B5BBAA5E6}.Debug|Any CPU.Build.0 = Debug|Any CPU
		{15E3CEE7-8B17-4E5E-BAE0-717B5BBAA5E6}.Release|Any CPU.ActiveCfg = Release|Any CPU
		{15E3CEE7-8B17-4E5E-BAE0-717B5BBAA5E6}.Release|Any CPU.Build.0 = Release|Any CPU
		{F490AC57-8ED5-4718-B7CB-44432CFC0CF7}.CIBuild|Any CPU.ActiveCfg = Release|Any CPU
		{F490AC57-8ED5-4718-B7CB-44432CFC0CF7}.CIBuild|Any CPU.Build.0 = Release|Any CPU
		{F490AC57-8ED5-4718-B7CB-44432CFC0CF7}.Debug|Any CPU.ActiveCfg = Debug|Any CPU
		{F490AC57-8ED5-4718-B7CB-44432CFC0CF7}.Debug|Any CPU.Build.0 = Debug|Any CPU
		{F490AC57-8ED5-4718-B7CB-44432CFC0CF7}.Release|Any CPU.ActiveCfg = Release|Any CPU
		{F490AC57-8ED5-4718-B7CB-44432CFC0CF7}.Release|Any CPU.Build.0 = Release|Any CPU
		{31A3468B-BE0C-4D62-BA54-F3A3D3DF1565}.CIBuild|Any CPU.ActiveCfg = Release|Any CPU
		{31A3468B-BE0C-4D62-BA54-F3A3D3DF1565}.CIBuild|Any CPU.Build.0 = Release|Any CPU
		{31A3468B-BE0C-4D62-BA54-F3A3D3DF1565}.Debug|Any CPU.ActiveCfg = Debug|Any CPU
		{31A3468B-BE0C-4D62-BA54-F3A3D3DF1565}.Debug|Any CPU.Build.0 = Debug|Any CPU
		{31A3468B-BE0C-4D62-BA54-F3A3D3DF1565}.Release|Any CPU.ActiveCfg = Release|Any CPU
		{31A3468B-BE0C-4D62-BA54-F3A3D3DF1565}.Release|Any CPU.Build.0 = Release|Any CPU
		{FAAF0E14-95B3-4C67-A9D0-8B596B477C55}.CIBuild|Any CPU.ActiveCfg = Release|Any CPU
		{FAAF0E14-95B3-4C67-A9D0-8B596B477C55}.CIBuild|Any CPU.Build.0 = Release|Any CPU
		{FAAF0E14-95B3-4C67-A9D0-8B596B477C55}.Debug|Any CPU.ActiveCfg = Debug|Any CPU
		{FAAF0E14-95B3-4C67-A9D0-8B596B477C55}.Debug|Any CPU.Build.0 = Debug|Any CPU
		{FAAF0E14-95B3-4C67-A9D0-8B596B477C55}.Release|Any CPU.ActiveCfg = Release|Any CPU
		{FAAF0E14-95B3-4C67-A9D0-8B596B477C55}.Release|Any CPU.Build.0 = Release|Any CPU
		{433C0D5E-63D0-4F6D-93C7-1FD229B68D69}.CIBuild|Any CPU.ActiveCfg = Release|Any CPU
		{433C0D5E-63D0-4F6D-93C7-1FD229B68D69}.CIBuild|Any CPU.Build.0 = Release|Any CPU
		{433C0D5E-63D0-4F6D-93C7-1FD229B68D69}.Debug|Any CPU.ActiveCfg = Debug|Any CPU
		{433C0D5E-63D0-4F6D-93C7-1FD229B68D69}.Debug|Any CPU.Build.0 = Debug|Any CPU
		{433C0D5E-63D0-4F6D-93C7-1FD229B68D69}.Release|Any CPU.ActiveCfg = Release|Any CPU
		{433C0D5E-63D0-4F6D-93C7-1FD229B68D69}.Release|Any CPU.Build.0 = Release|Any CPU
		{C11389D1-42C4-49DA-B6AE-8E9DFA6D55A3}.CIBuild|Any CPU.ActiveCfg = Release|Any CPU
		{C11389D1-42C4-49DA-B6AE-8E9DFA6D55A3}.CIBuild|Any CPU.Build.0 = Release|Any CPU
		{C11389D1-42C4-49DA-B6AE-8E9DFA6D55A3}.Debug|Any CPU.ActiveCfg = Debug|Any CPU
		{C11389D1-42C4-49DA-B6AE-8E9DFA6D55A3}.Debug|Any CPU.Build.0 = Debug|Any CPU
		{C11389D1-42C4-49DA-B6AE-8E9DFA6D55A3}.Release|Any CPU.ActiveCfg = Release|Any CPU
		{C11389D1-42C4-49DA-B6AE-8E9DFA6D55A3}.Release|Any CPU.Build.0 = Release|Any CPU
		{C0761EF5-2C43-49CC-9A62-BE659966561B}.CIBuild|Any CPU.ActiveCfg = Release|Any CPU
		{C0761EF5-2C43-49CC-9A62-BE659966561B}.CIBuild|Any CPU.Build.0 = Release|Any CPU
		{C0761EF5-2C43-49CC-9A62-BE659966561B}.Debug|Any CPU.ActiveCfg = Debug|Any CPU
		{C0761EF5-2C43-49CC-9A62-BE659966561B}.Debug|Any CPU.Build.0 = Debug|Any CPU
		{C0761EF5-2C43-49CC-9A62-BE659966561B}.Release|Any CPU.ActiveCfg = Release|Any CPU
		{C0761EF5-2C43-49CC-9A62-BE659966561B}.Release|Any CPU.Build.0 = Release|Any CPU
		{0306D24D-A515-446E-897F-2F6C5FB2B66D}.CIBuild|Any CPU.ActiveCfg = Release|Any CPU
		{0306D24D-A515-446E-897F-2F6C5FB2B66D}.CIBuild|Any CPU.Build.0 = Release|Any CPU
		{0306D24D-A515-446E-897F-2F6C5FB2B66D}.Debug|Any CPU.ActiveCfg = Debug|Any CPU
		{0306D24D-A515-446E-897F-2F6C5FB2B66D}.Debug|Any CPU.Build.0 = Debug|Any CPU
		{0306D24D-A515-446E-897F-2F6C5FB2B66D}.Release|Any CPU.ActiveCfg = Release|Any CPU
		{0306D24D-A515-446E-897F-2F6C5FB2B66D}.Release|Any CPU.Build.0 = Release|Any CPU
		{8D981E2B-AA29-48DE-AAAC-AE2D6BCA1CD3}.CIBuild|Any CPU.ActiveCfg = Release|Any CPU
		{8D981E2B-AA29-48DE-AAAC-AE2D6BCA1CD3}.CIBuild|Any CPU.Build.0 = Release|Any CPU
		{8D981E2B-AA29-48DE-AAAC-AE2D6BCA1CD3}.Debug|Any CPU.ActiveCfg = Debug|Any CPU
		{8D981E2B-AA29-48DE-AAAC-AE2D6BCA1CD3}.Debug|Any CPU.Build.0 = Debug|Any CPU
		{8D981E2B-AA29-48DE-AAAC-AE2D6BCA1CD3}.Release|Any CPU.ActiveCfg = Release|Any CPU
		{8D981E2B-AA29-48DE-AAAC-AE2D6BCA1CD3}.Release|Any CPU.Build.0 = Release|Any CPU
		{33BE0320-E1BB-407C-A836-0BF21060E2AF}.CIBuild|Any CPU.ActiveCfg = Release|Any CPU
		{33BE0320-E1BB-407C-A836-0BF21060E2AF}.CIBuild|Any CPU.Build.0 = Release|Any CPU
		{33BE0320-E1BB-407C-A836-0BF21060E2AF}.Debug|Any CPU.ActiveCfg = Debug|Any CPU
		{33BE0320-E1BB-407C-A836-0BF21060E2AF}.Debug|Any CPU.Build.0 = Debug|Any CPU
		{33BE0320-E1BB-407C-A836-0BF21060E2AF}.Release|Any CPU.ActiveCfg = Release|Any CPU
		{33BE0320-E1BB-407C-A836-0BF21060E2AF}.Release|Any CPU.Build.0 = Release|Any CPU
		{2363CC6D-ECAD-483B-B781-DC0A684EECC5}.CIBuild|Any CPU.ActiveCfg = Release|Any CPU
		{2363CC6D-ECAD-483B-B781-DC0A684EECC5}.CIBuild|Any CPU.Build.0 = Release|Any CPU
		{2363CC6D-ECAD-483B-B781-DC0A684EECC5}.Debug|Any CPU.ActiveCfg = Debug|Any CPU
		{2363CC6D-ECAD-483B-B781-DC0A684EECC5}.Debug|Any CPU.Build.0 = Debug|Any CPU
		{2363CC6D-ECAD-483B-B781-DC0A684EECC5}.Release|Any CPU.ActiveCfg = Release|Any CPU
		{2363CC6D-ECAD-483B-B781-DC0A684EECC5}.Release|Any CPU.Build.0 = Release|Any CPU
		{1D860AE7-EB2B-44FD-B145-A873DE097E8A}.CIBuild|Any CPU.ActiveCfg = Release|Any CPU
		{1D860AE7-EB2B-44FD-B145-A873DE097E8A}.CIBuild|Any CPU.Build.0 = Release|Any CPU
		{1D860AE7-EB2B-44FD-B145-A873DE097E8A}.Debug|Any CPU.ActiveCfg = Debug|Any CPU
		{1D860AE7-EB2B-44FD-B145-A873DE097E8A}.Debug|Any CPU.Build.0 = Debug|Any CPU
		{1D860AE7-EB2B-44FD-B145-A873DE097E8A}.Release|Any CPU.ActiveCfg = Release|Any CPU
		{1D860AE7-EB2B-44FD-B145-A873DE097E8A}.Release|Any CPU.Build.0 = Release|Any CPU
		{D2B19EA1-F533-4695-90B0-53B613F877B2}.CIBuild|Any CPU.ActiveCfg = Release|Any CPU
		{D2B19EA1-F533-4695-90B0-53B613F877B2}.CIBuild|Any CPU.Build.0 = Release|Any CPU
		{D2B19EA1-F533-4695-90B0-53B613F877B2}.Debug|Any CPU.ActiveCfg = Debug|Any CPU
		{D2B19EA1-F533-4695-90B0-53B613F877B2}.Debug|Any CPU.Build.0 = Debug|Any CPU
		{D2B19EA1-F533-4695-90B0-53B613F877B2}.Release|Any CPU.ActiveCfg = Release|Any CPU
		{D2B19EA1-F533-4695-90B0-53B613F877B2}.Release|Any CPU.Build.0 = Release|Any CPU
		{BD63B8BD-47E0-4B58-8F73-52070670FCEC}.CIBuild|Any CPU.ActiveCfg = Release|Any CPU
		{BD63B8BD-47E0-4B58-8F73-52070670FCEC}.CIBuild|Any CPU.Build.0 = Release|Any CPU
		{BD63B8BD-47E0-4B58-8F73-52070670FCEC}.Debug|Any CPU.ActiveCfg = Debug|Any CPU
		{BD63B8BD-47E0-4B58-8F73-52070670FCEC}.Debug|Any CPU.Build.0 = Debug|Any CPU
		{BD63B8BD-47E0-4B58-8F73-52070670FCEC}.Release|Any CPU.ActiveCfg = Release|Any CPU
		{BD63B8BD-47E0-4B58-8F73-52070670FCEC}.Release|Any CPU.Build.0 = Release|Any CPU
		{0D172E0C-8A2B-4F0E-A2A0-146C1D454241}.CIBuild|Any CPU.ActiveCfg = Release|Any CPU
		{0D172E0C-8A2B-4F0E-A2A0-146C1D454241}.CIBuild|Any CPU.Build.0 = Release|Any CPU
		{0D172E0C-8A2B-4F0E-A2A0-146C1D454241}.Debug|Any CPU.ActiveCfg = Debug|Any CPU
		{0D172E0C-8A2B-4F0E-A2A0-146C1D454241}.Debug|Any CPU.Build.0 = Debug|Any CPU
		{0D172E0C-8A2B-4F0E-A2A0-146C1D454241}.Release|Any CPU.ActiveCfg = Release|Any CPU
		{0D172E0C-8A2B-4F0E-A2A0-146C1D454241}.Release|Any CPU.Build.0 = Release|Any CPU
		{92808E57-693D-48DE-BF3D-D465FF46DA8A}.CIBuild|Any CPU.ActiveCfg = Release|Any CPU
		{92808E57-693D-48DE-BF3D-D465FF46DA8A}.CIBuild|Any CPU.Build.0 = Release|Any CPU
		{92808E57-693D-48DE-BF3D-D465FF46DA8A}.Debug|Any CPU.ActiveCfg = Debug|Any CPU
		{92808E57-693D-48DE-BF3D-D465FF46DA8A}.Debug|Any CPU.Build.0 = Debug|Any CPU
		{92808E57-693D-48DE-BF3D-D465FF46DA8A}.Release|Any CPU.ActiveCfg = Release|Any CPU
		{92808E57-693D-48DE-BF3D-D465FF46DA8A}.Release|Any CPU.Build.0 = Release|Any CPU
		{59185F53-732A-4B99-BD51-2F66CFD5D1C5}.CIBuild|Any CPU.ActiveCfg = Release|Any CPU
		{59185F53-732A-4B99-BD51-2F66CFD5D1C5}.CIBuild|Any CPU.Build.0 = Release|Any CPU
		{59185F53-732A-4B99-BD51-2F66CFD5D1C5}.Debug|Any CPU.ActiveCfg = Debug|Any CPU
		{59185F53-732A-4B99-BD51-2F66CFD5D1C5}.Debug|Any CPU.Build.0 = Debug|Any CPU
		{59185F53-732A-4B99-BD51-2F66CFD5D1C5}.Release|Any CPU.ActiveCfg = Release|Any CPU
		{59185F53-732A-4B99-BD51-2F66CFD5D1C5}.Release|Any CPU.Build.0 = Release|Any CPU
		{AE40A224-AEA3-4B8F-9514-F66A099CA9B3}.CIBuild|Any CPU.ActiveCfg = Release|Any CPU
		{AE40A224-AEA3-4B8F-9514-F66A099CA9B3}.CIBuild|Any CPU.Build.0 = Release|Any CPU
		{AE40A224-AEA3-4B8F-9514-F66A099CA9B3}.Debug|Any CPU.ActiveCfg = Debug|Any CPU
		{AE40A224-AEA3-4B8F-9514-F66A099CA9B3}.Debug|Any CPU.Build.0 = Debug|Any CPU
		{AE40A224-AEA3-4B8F-9514-F66A099CA9B3}.Release|Any CPU.ActiveCfg = Release|Any CPU
		{AE40A224-AEA3-4B8F-9514-F66A099CA9B3}.Release|Any CPU.Build.0 = Release|Any CPU
		{C1DC18BF-5757-4488-B3E1-EDF30CFC17A3}.CIBuild|Any CPU.ActiveCfg = Release|Any CPU
		{C1DC18BF-5757-4488-B3E1-EDF30CFC17A3}.CIBuild|Any CPU.Build.0 = Release|Any CPU
		{C1DC18BF-5757-4488-B3E1-EDF30CFC17A3}.Debug|Any CPU.ActiveCfg = Debug|Any CPU
		{C1DC18BF-5757-4488-B3E1-EDF30CFC17A3}.Debug|Any CPU.Build.0 = Debug|Any CPU
		{C1DC18BF-5757-4488-B3E1-EDF30CFC17A3}.Release|Any CPU.ActiveCfg = Release|Any CPU
		{C1DC18BF-5757-4488-B3E1-EDF30CFC17A3}.Release|Any CPU.Build.0 = Release|Any CPU
		{00E96EF3-9BF5-46F4-A3CF-114BD5B7B256}.CIBuild|Any CPU.ActiveCfg = Release|Any CPU
		{00E96EF3-9BF5-46F4-A3CF-114BD5B7B256}.CIBuild|Any CPU.Build.0 = Release|Any CPU
		{00E96EF3-9BF5-46F4-A3CF-114BD5B7B256}.Debug|Any CPU.ActiveCfg = Debug|Any CPU
		{00E96EF3-9BF5-46F4-A3CF-114BD5B7B256}.Debug|Any CPU.Build.0 = Debug|Any CPU
		{00E96EF3-9BF5-46F4-A3CF-114BD5B7B256}.Release|Any CPU.ActiveCfg = Release|Any CPU
		{00E96EF3-9BF5-46F4-A3CF-114BD5B7B256}.Release|Any CPU.Build.0 = Release|Any CPU
		{46930B4B-F4FD-4741-9A0D-671B11784CAD}.CIBuild|Any CPU.ActiveCfg = Release|Any CPU
		{46930B4B-F4FD-4741-9A0D-671B11784CAD}.CIBuild|Any CPU.Build.0 = Release|Any CPU
		{46930B4B-F4FD-4741-9A0D-671B11784CAD}.Debug|Any CPU.ActiveCfg = Debug|Any CPU
		{46930B4B-F4FD-4741-9A0D-671B11784CAD}.Debug|Any CPU.Build.0 = Debug|Any CPU
		{46930B4B-F4FD-4741-9A0D-671B11784CAD}.Release|Any CPU.ActiveCfg = Release|Any CPU
		{46930B4B-F4FD-4741-9A0D-671B11784CAD}.Release|Any CPU.Build.0 = Release|Any CPU
	EndGlobalSection
	GlobalSection(SolutionProperties) = preSolution
		HideSolutionNode = FALSE
	EndGlobalSection
	GlobalSection(NestedProjects) = preSolution
		{DDCC3607-4265-40CA-9012-E73B7A263E24} = {EB4844B3-D792-42E8-B2A0-A6E939E46BB3}
		{B07972E9-3665-4F0D-8C2D-93D364013F1A} = {EB4844B3-D792-42E8-B2A0-A6E939E46BB3}
		{15E3CEE7-8B17-4E5E-BAE0-717B5BBAA5E6} = {84F15C02-FDEA-4824-BDFC-571AEE9C3143}
		{F490AC57-8ED5-4718-B7CB-44432CFC0CF7} = {84F15C02-FDEA-4824-BDFC-571AEE9C3143}
		{31A3468B-BE0C-4D62-BA54-F3A3D3DF1565} = {7D818FE2-FCD7-441A-B5DE-746B49FB0506}
		{FAAF0E14-95B3-4C67-A9D0-8B596B477C55} = {7D818FE2-FCD7-441A-B5DE-746B49FB0506}
		{433C0D5E-63D0-4F6D-93C7-1FD229B68D69} = {7D818FE2-FCD7-441A-B5DE-746B49FB0506}
		{C11389D1-42C4-49DA-B6AE-8E9DFA6D55A3} = {7D818FE2-FCD7-441A-B5DE-746B49FB0506}
		{C0761EF5-2C43-49CC-9A62-BE659966561B} = {7D818FE2-FCD7-441A-B5DE-746B49FB0506}
		{0306D24D-A515-446E-897F-2F6C5FB2B66D} = {E34C4E83-5094-43A7-81B9-8A3B50B46D8F}
		{8D981E2B-AA29-48DE-AAAC-AE2D6BCA1CD3} = {E34C4E83-5094-43A7-81B9-8A3B50B46D8F}
		{33BE0320-E1BB-407C-A836-0BF21060E2AF} = {E34C4E83-5094-43A7-81B9-8A3B50B46D8F}
		{2363CC6D-ECAD-483B-B781-DC0A684EECC5} = {8BA3665B-33BE-4D0F-8736-CCD666159F60}
		{1D860AE7-EB2B-44FD-B145-A873DE097E8A} = {8BA3665B-33BE-4D0F-8736-CCD666159F60}
		{D2B19EA1-F533-4695-90B0-53B613F877B2} = {8BA3665B-33BE-4D0F-8736-CCD666159F60}
		{BD63B8BD-47E0-4B58-8F73-52070670FCEC} = {8BA3665B-33BE-4D0F-8736-CCD666159F60}
		{0D172E0C-8A2B-4F0E-A2A0-146C1D454241} = {86B6365A-2BF7-4206-82A0-C1E04BE4964D}
		{92808E57-693D-48DE-BF3D-D465FF46DA8A} = {17B41EAC-5ED7-42B7-98EB-B5AA42897282}
		{59185F53-732A-4B99-BD51-2F66CFD5D1C5} = {17B41EAC-5ED7-42B7-98EB-B5AA42897282}
		{AE40A224-AEA3-4B8F-9514-F66A099CA9B3} = {17B41EAC-5ED7-42B7-98EB-B5AA42897282}
		{C1DC18BF-5757-4488-B3E1-EDF30CFC17A3} = {17B41EAC-5ED7-42B7-98EB-B5AA42897282}
		{00E96EF3-9BF5-46F4-A3CF-114BD5B7B256} = {17B41EAC-5ED7-42B7-98EB-B5AA42897282}
		{46930B4B-F4FD-4741-9A0D-671B11784CAD} = {1133A732-B5BF-471F-BE14-45A7F393E228}
	EndGlobalSection
EndGlobal
